
Microsoft Visual Studio Solution File, Format Version 12.00
# Visual Studio Version 17
VisualStudioVersion = 17.4.33103.184
MinimumVisualStudioVersion = 10.0.40219.1
Project("{9A19103F-16F7-4668-BE54-9A1E7A4F7556}") = "ArtworkProvider.Backend", "ArtworkProvider.Backend.csproj", "{73FD1893-DC63-4A09-87BC-56B8AA56C677}"
EndProject
Global
	GlobalSection(SolutionConfigurationPlatforms) = preSolution
		Debug|Any CPU = Debug|Any CPU
		Release|Any CPU = Release|Any CPU
	EndGlobalSection
	GlobalSection(ProjectConfigurationPlatforms) = postSolution
		{73FD1893-DC63-4A09-87BC-56B8AA56C677}.Debug|Any CPU.ActiveCfg = Debug|Any CPU
		{73FD1893-DC63-4A09-87BC-56B8AA56C677}.Debug|Any CPU.Build.0 = Debug|Any CPU
		{73FD1893-DC63-4A09-87BC-56B8AA56C677}.Release|Any CPU.ActiveCfg = Release|Any CPU
		{73FD1893-DC63-4A09-87BC-56B8AA56C677}.Release|Any CPU.Build.0 = Release|Any CPU
		{01E1A7EC-15EE-440C-AAB2-4F5BE2BB4BAC}.Debug|Any CPU.ActiveCfg = Debug|Any CPU
		{01E1A7EC-15EE-440C-AAB2-4F5BE2BB4BAC}.Debug|Any CPU.Build.0 = Debug|Any CPU
		{01E1A7EC-15EE-440C-AAB2-4F5BE2BB4BAC}.Release|Any CPU.ActiveCfg = Release|Any CPU
		{01E1A7EC-15EE-440C-AAB2-4F5BE2BB4BAC}.Release|Any CPU.Build.0 = Release|Any CPU
	EndGlobalSection
	GlobalSection(SolutionProperties) = preSolution
		HideSolutionNode = FALSE
	EndGlobalSection
	GlobalSection(ExtensibilityGlobals) = postSolution
		SolutionGuid = {FBC65317-5B4C-442F-BF74-D73CE3C7C92A}
	EndGlobalSection
EndGlobal
